{
  "name": "smart_home",
  "version": "1.0.0",
  "lockfileVersion": 1,
  "requires": true,
  "dependencies": {
    "ip": {
      "version": "1.1.5",
      "resolved": "https://registry.npmjs.org/ip/-/ip-1.1.5.tgz",
      "integrity": "sha1-vd7XARQpCCjAoDnnLvJfWq7ENUo="
    },
    "lodash": {
      "version": "4.17.15",
      "resolved": "https://registry.npmjs.org/lodash/-/lodash-4.17.15.tgz",
      "integrity": "sha512-8xOcRHvCjnocdS5cpwXQXVzmmh5e5+saE2QGoeQmbKmRS6J3VQppPOIt0MnmE+4xlZoumy0GPG0D0MVIQbNA1A=="
    },
    "net": {
      "version": "1.0.2",
      "resolved": "https://registry.npmjs.org/net/-/net-1.0.2.tgz",
      "integrity": "sha1-0XV+yaf7I3HYPPR1XOPifhCCk4g="
    },
    "node-yeelight": {
      "version": "1.0.6",
      "resolved": "https://registry.npmjs.org/node-yeelight/-/node-yeelight-1.0.6.tgz",
      "integrity": "sha512-Mh0JhguRJboH2OBBzEgdqv8ZgtFYnf1EduE4pjntig/QG0jj9eL5A4TpPWzzUh+R6U+FN6LTTmokSTMf7I1KLw==",
      "requires": {
        "ip": "^1.1.4",
        "lodash": "^4.17.2",
        "net": "^1.0.2"
      }
    },
    "yeelight.io": {
      "version": "1.1.2",
      "resolved": "https://registry.npmjs.org/yeelight.io/-/yeelight.io-1.1.2.tgz",
      "integrity": "sha512-E5vxippEiS0+4rHomQVdUOEBxhJboPm/PtRUmc//f7Ds87jhjNWnRuWRXzMB407bKU/GW9sqqgqwZ5LQ+hr5Qg=="
    }
  }
}
